// !$*UTF8*$!
{
	archiveVersion = 1;
	classes = {
	};
	objectVersion = 46;
	objects = {

/* Begin PBXBuildFile section */
		0E6717191CBE27DE0053FBF4 /* CheckExpressRecords+CoreDataProperties.m in Sources */ = {isa = PBXBuildFile; fileRef = 0E6717161CBE27DE0053FBF4 /* CheckExpressRecords+CoreDataProperties.m */; };
		0E67171A1CBE27DE0053FBF4 /* CheckExpressRecords.m in Sources */ = {isa = PBXBuildFile; fileRef = 0E6717181CBE27DE0053FBF4 /* CheckExpressRecords.m */; };
		0E67171D1CBE32B80053FBF4 /* CheckExpressRecodsModel.m in Sources */ = {isa = PBXBuildFile; fileRef = 0E67171C1CBE32B80053FBF4 /* CheckExpressRecodsModel.m */; };
		0E6717211CBE3BF60053FBF4 /* CheckRecordsTableViewController.m in Sources */ = {isa = PBXBuildFile; fileRef = 0E6717201CBE3BF60053FBF4 /* CheckRecordsTableViewController.m */; };
		0E6717241CBE404F0053FBF4 /* CheckRecordsTableViewCell.m in Sources */ = {isa = PBXBuildFile; fileRef = 0E6717231CBE404F0053FBF4 /* CheckRecordsTableViewCell.m */; };
		0E7CB6891CBB7F43006BA469 /* Response.m in Sources */ = {isa = PBXBuildFile; fileRef = 0E7CB6881CBB7F43006BA469 /* Response.m */; };
		0E7CB68D1CBB857F006BA469 /* ExpressMsgDetailsViewController.m in Sources */ = {isa = PBXBuildFile; fileRef = 0E7CB68C1CBB857F006BA469 /* ExpressMsgDetailsViewController.m */; };
		0E7CB6901CBB9D71006BA469 /* ExpressMsgDetailsTableViewCell.m in Sources */ = {isa = PBXBuildFile; fileRef = 0E7CB68F1CBB9D71006BA469 /* ExpressMsgDetailsTableViewCell.m */; };
		0E7CB6961CBBA455006BA469 /* ExpressStatusModel.m in Sources */ = {isa = PBXBuildFile; fileRef = 0E7CB6951CBBA455006BA469 /* ExpressStatusModel.m */; };
		0E9949911CB79AD3006A2C0B /* CompaniesList.plist in Resources */ = {isa = PBXBuildFile; fileRef = 0E9949901CB79AD3006A2C0B /* CompaniesList.plist */; };
		EC96E5871CBCA3560021A614 /* ToolFunction.m in Sources */ = {isa = PBXBuildFile; fileRef = EC96E5861CBCA3560021A614 /* ToolFunction.m */; };
		ECD356131CB69B9600E53A52 /* main.m in Sources */ = {isa = PBXBuildFile; fileRef = ECD356121CB69B9600E53A52 /* main.m */; };
		ECD356161CB69B9600E53A52 /* AppDelegate.m in Sources */ = {isa = PBXBuildFile; fileRef = ECD356151CB69B9600E53A52 /* AppDelegate.m */; };
		ECD3561C1CB69B9600E53A52 /* Main.storyboard in Resources */ = {isa = PBXBuildFile; fileRef = ECD3561A1CB69B9600E53A52 /* Main.storyboard */; };
		ECD3561F1CB69B9600E53A52 /* CheckExpress.xcdatamodeld in Sources */ = {isa = PBXBuildFile; fileRef = ECD3561D1CB69B9600E53A52 /* CheckExpress.xcdatamodeld */; };
		ECD356211CB69B9600E53A52 /* Assets.xcassets in Resources */ = {isa = PBXBuildFile; fileRef = ECD356201CB69B9600E53A52 /* Assets.xcassets */; };
		ECD356241CB69B9600E53A52 /* LaunchScreen.storyboard in Resources */ = {isa = PBXBuildFile; fileRef = ECD356221CB69B9600E53A52 /* LaunchScreen.storyboard */; };
		ECD356541CB6ACDD00E53A52 /* LoadingView.m in Sources */ = {isa = PBXBuildFile; fileRef = ECD356351CB6ACDD00E53A52 /* LoadingView.m */; };
		ECD356551CB6ACDD00E53A52 /* MBProgressHUD.m in Sources */ = {isa = PBXBuildFile; fileRef = ECD356371CB6ACDD00E53A52 /* MBProgressHUD.m */; };
		ECD356561CB6ACDD00E53A52 /* PopupView.m in Sources */ = {isa = PBXBuildFile; fileRef = ECD3563A1CB6ACDD00E53A52 /* PopupView.m */; };
		ECD356571CB6ACDD00E53A52 /* APIClient.m in Sources */ = {isa = PBXBuildFile; fileRef = ECD3563D1CB6ACDD00E53A52 /* APIClient.m */; };
		ECD356581CB6ACDD00E53A52 /* DataModel.m in Sources */ = {isa = PBXBuildFile; fileRef = ECD3563F1CB6ACDD00E53A52 /* DataModel.m */; };
		ECD356591CB6ACDD00E53A52 /* AFHTTPRequestOperation.m in Sources */ = {isa = PBXBuildFile; fileRef = ECD356421CB6ACDD00E53A52 /* AFHTTPRequestOperation.m */; };
		ECD3565A1CB6ACDD00E53A52 /* AFHTTPRequestOperationManager.m in Sources */ = {isa = PBXBuildFile; fileRef = ECD356441CB6ACDD00E53A52 /* AFHTTPRequestOperationManager.m */; };
		ECD3565B1CB6ACDD00E53A52 /* AFHTTPSessionManager.m in Sources */ = {isa = PBXBuildFile; fileRef = ECD356461CB6ACDD00E53A52 /* AFHTTPSessionManager.m */; };
		ECD3565C1CB6ACDD00E53A52 /* AFNetworkReachabilityManager.m in Sources */ = {isa = PBXBuildFile; fileRef = ECD356491CB6ACDD00E53A52 /* AFNetworkReachabilityManager.m */; };
		ECD3565D1CB6ACDD00E53A52 /* AFSecurityPolicy.m in Sources */ = {isa = PBXBuildFile; fileRef = ECD3564B1CB6ACDD00E53A52 /* AFSecurityPolicy.m */; };
		ECD3565E1CB6ACDD00E53A52 /* AFURLConnectionOperation.m in Sources */ = {isa = PBXBuildFile; fileRef = ECD3564D1CB6ACDD00E53A52 /* AFURLConnectionOperation.m */; };
		ECD3565F1CB6ACDD00E53A52 /* AFURLRequestSerialization.m in Sources */ = {isa = PBXBuildFile; fileRef = ECD3564F1CB6ACDD00E53A52 /* AFURLRequestSerialization.m */; };
		ECD356601CB6ACDD00E53A52 /* AFURLResponseSerialization.m in Sources */ = {isa = PBXBuildFile; fileRef = ECD356511CB6ACDD00E53A52 /* AFURLResponseSerialization.m */; };
		ECD356611CB6ACDD00E53A52 /* AFURLSessionManager.m in Sources */ = {isa = PBXBuildFile; fileRef = ECD356531CB6ACDD00E53A52 /* AFURLSessionManager.m */; };
		ECD356691CB6B51E00E53A52 /* MainViewController.m in Sources */ = {isa = PBXBuildFile; fileRef = ECD356681CB6B51E00E53A52 /* MainViewController.m */; };
		ECFF2E291CB7E42100A45DA5 /* CompaniesListViewController.m in Sources */ = {isa = PBXBuildFile; fileRef = ECFF2E281CB7E42100A45DA5 /* CompaniesListViewController.m */; };
/* End PBXBuildFile section */

/* Begin PBXFileReference section */
		0E6717151CBE27DE0053FBF4 /* CheckExpressRecords+CoreDataProperties.h */ = {isa = PBXFileReference; fileEncoding = 4; lastKnownFileType = sourcecode.c.h; path = "CheckExpressRecords+CoreDataProperties.h"; sourceTree = "<group>"; };
		0E6717161CBE27DE0053FBF4 /* CheckExpressRecords+CoreDataProperties.m */ = {isa = PBXFileReference; fileEncoding = 4; lastKnownFileType = sourcecode.c.objc; path = "CheckExpressRecords+CoreDataProperties.m"; sourceTree = "<group>"; };
		0E6717171CBE27DE0053FBF4 /* CheckExpressRecords.h */ = {isa = PBXFileReference; fileEncoding = 4; lastKnownFileType = sourcecode.c.h; path = CheckExpressRecords.h; sourceTree = "<group>"; };
		0E6717181CBE27DE0053FBF4 /* CheckExpressRecords.m */ = {isa = PBXFileReference; fileEncoding = 4; lastKnownFileType = sourcecode.c.objc; path = CheckExpressRecords.m; sourceTree = "<group>"; };
		0E67171B1CBE32B80053FBF4 /* CheckExpressRecodsModel.h */ = {isa = PBXFileReference; fileEncoding = 4; lastKnownFileType = sourcecode.c.h; path = CheckExpressRecodsModel.h; sourceTree = "<group>"; };
		0E67171C1CBE32B80053FBF4 /* CheckExpressRecodsModel.m */ = {isa = PBXFileReference; fileEncoding = 4; lastKnownFileType = sourcecode.c.objc; path = CheckExpressRecodsModel.m; sourceTree = "<group>"; };
		0E67171F1CBE3BF60053FBF4 /* CheckRecordsTableViewController.h */ = {isa = PBXFileReference; fileEncoding = 4; lastKnownFileType = sourcecode.c.h; path = CheckRecordsTableViewController.h; sourceTree = "<group>"; };
		0E6717201CBE3BF60053FBF4 /* CheckRecordsTableViewController.m */ = {isa = PBXFileReference; fileEncoding = 4; lastKnownFileType = sourcecode.c.objc; path = CheckRecordsTableViewController.m; sourceTree = "<group>"; };
		0E6717221CBE404F0053FBF4 /* CheckRecordsTableViewCell.h */ = {isa = PBXFileReference; fileEncoding = 4; lastKnownFileType = sourcecode.c.h; path = CheckRecordsTableViewCell.h; sourceTree = "<group>"; };
		0E6717231CBE404F0053FBF4 /* CheckRecordsTableViewCell.m */ = {isa = PBXFileReference; fileEncoding = 4; lastKnownFileType = sourcecode.c.objc; path = CheckRecordsTableViewCell.m; sourceTree = "<group>"; };
		0E7CB6871CBB7F43006BA469 /* Response.h */ = {isa = PBXFileReference; fileEncoding = 4; lastKnownFileType = sourcecode.c.h; path = Response.h; sourceTree = "<group>"; };
		0E7CB6881CBB7F43006BA469 /* Response.m */ = {isa = PBXFileReference; fileEncoding = 4; lastKnownFileType = sourcecode.c.objc; path = Response.m; sourceTree = "<group>"; };
		0E7CB68B1CBB857F006BA469 /* ExpressMsgDetailsViewController.h */ = {isa = PBXFileReference; fileEncoding = 4; lastKnownFileType = sourcecode.c.h; path = ExpressMsgDetailsViewController.h; sourceTree = "<group>"; };
		0E7CB68C1CBB857F006BA469 /* ExpressMsgDetailsViewController.m */ = {isa = PBXFileReference; fileEncoding = 4; lastKnownFileType = sourcecode.c.objc; path = ExpressMsgDetailsViewController.m; sourceTree = "<group>"; };
		0E7CB68E1CBB9D71006BA469 /* ExpressMsgDetailsTableViewCell.h */ = {isa = PBXFileReference; fileEncoding = 4; lastKnownFileType = sourcecode.c.h; path = ExpressMsgDetailsTableViewCell.h; sourceTree = "<group>"; };
		0E7CB68F1CBB9D71006BA469 /* ExpressMsgDetailsTableViewCell.m */ = {isa = PBXFileReference; fileEncoding = 4; lastKnownFileType = sourcecode.c.objc; path = ExpressMsgDetailsTableViewCell.m; sourceTree = "<group>"; };
		0E7CB6941CBBA455006BA469 /* ExpressStatusModel.h */ = {isa = PBXFileReference; fileEncoding = 4; lastKnownFileType = sourcecode.c.h; path = ExpressStatusModel.h; sourceTree = "<group>"; };
		0E7CB6951CBBA455006BA469 /* ExpressStatusModel.m */ = {isa = PBXFileReference; fileEncoding = 4; lastKnownFileType = sourcecode.c.objc; path = ExpressStatusModel.m; sourceTree = "<group>"; };
		0E9949901CB79AD3006A2C0B /* CompaniesList.plist */ = {isa = PBXFileReference; fileEncoding = 4; lastKnownFileType = text.plist.xml; path = CompaniesList.plist; sourceTree = "<group>"; };
		EC96E5851CBCA3560021A614 /* ToolFunction.h */ = {isa = PBXFileReference; fileEncoding = 4; lastKnownFileType = sourcecode.c.h; path = ToolFunction.h; sourceTree = "<group>"; };
		EC96E5861CBCA3560021A614 /* ToolFunction.m */ = {isa = PBXFileReference; fileEncoding = 4; lastKnownFileType = sourcecode.c.objc; path = ToolFunction.m; sourceTree = "<group>"; };
		ECD3560E1CB69B9600E53A52 /* CheckExpress.app */ = {isa = PBXFileReference; explicitFileType = wrapper.application; includeInIndex = 0; path = CheckExpress.app; sourceTree = BUILT_PRODUCTS_DIR; };
		ECD356121CB69B9600E53A52 /* main.m */ = {isa = PBXFileReference; lastKnownFileType = sourcecode.c.objc; path = main.m; sourceTree = "<group>"; };
		ECD356141CB69B9600E53A52 /* AppDelegate.h */ = {isa = PBXFileReference; lastKnownFileType = sourcecode.c.h; path = AppDelegate.h; sourceTree = "<group>"; };
		ECD356151CB69B9600E53A52 /* AppDelegate.m */ = {isa = PBXFileReference; lastKnownFileType = sourcecode.c.objc; path = AppDelegate.m; sourceTree = "<group>"; };
		ECD3561B1CB69B9600E53A52 /* Base */ = {isa = PBXFileReference; lastKnownFileType = file.storyboard; name = Base; path = Base.lproj/Main.storyboard; sourceTree = "<group>"; };
		ECD3561E1CB69B9600E53A52 /* CheckExpress.xcdatamodel */ = {isa = PBXFileReference; lastKnownFileType = wrapper.xcdatamodel; path = CheckExpress.xcdatamodel; sourceTree = "<group>"; };
		ECD356201CB69B9600E53A52 /* Assets.xcassets */ = {isa = PBXFileReference; lastKnownFileType = folder.assetcatalog; path = Assets.xcassets; sourceTree = "<group>"; };
		ECD356231CB69B9600E53A52 /* Base */ = {isa = PBXFileReference; lastKnownFileType = file.storyboard; name = Base; path = Base.lproj/LaunchScreen.storyboard; sourceTree = "<group>"; };
		ECD356251CB69B9600E53A52 /* Info.plist */ = {isa = PBXFileReference; lastKnownFileType = text.plist.xml; path = Info.plist; sourceTree = "<group>"; };
		ECD356341CB6ACDD00E53A52 /* LoadingView.h */ = {isa = PBXFileReference; fileEncoding = 4; lastKnownFileType = sourcecode.c.h; path = LoadingView.h; sourceTree = "<group>"; };
		ECD356351CB6ACDD00E53A52 /* LoadingView.m */ = {isa = PBXFileReference; fileEncoding = 4; lastKnownFileType = sourcecode.c.objc; path = LoadingView.m; sourceTree = "<group>"; };
		ECD356361CB6ACDD00E53A52 /* MBProgressHUD.h */ = {isa = PBXFileReference; fileEncoding = 4; lastKnownFileType = sourcecode.c.h; path = MBProgressHUD.h; sourceTree = "<group>"; };
		ECD356371CB6ACDD00E53A52 /* MBProgressHUD.m */ = {isa = PBXFileReference; fileEncoding = 4; lastKnownFileType = sourcecode.c.objc; path = MBProgressHUD.m; sourceTree = "<group>"; };
		ECD356391CB6ACDD00E53A52 /* PopupView.h */ = {isa = PBXFileReference; fileEncoding = 4; lastKnownFileType = sourcecode.c.h; path = PopupView.h; sourceTree = "<group>"; };
		ECD3563A1CB6ACDD00E53A52 /* PopupView.m */ = {isa = PBXFileReference; fileEncoding = 4; lastKnownFileType = sourcecode.c.objc; path = PopupView.m; sourceTree = "<group>"; };
		ECD3563C1CB6ACDD00E53A52 /* APIClient.h */ = {isa = PBXFileReference; fileEncoding = 4; lastKnownFileType = sourcecode.c.h; path = APIClient.h; sourceTree = "<group>"; };
		ECD3563D1CB6ACDD00E53A52 /* APIClient.m */ = {isa = PBXFileReference; fileEncoding = 4; lastKnownFileType = sourcecode.c.objc; path = APIClient.m; sourceTree = "<group>"; };
		ECD3563E1CB6ACDD00E53A52 /* DataModel.h */ = {isa = PBXFileReference; fileEncoding = 4; lastKnownFileType = sourcecode.c.h; path = DataModel.h; sourceTree = "<group>"; };
		ECD3563F1CB6ACDD00E53A52 /* DataModel.m */ = {isa = PBXFileReference; fileEncoding = 4; lastKnownFileType = sourcecode.c.objc; path = DataModel.m; sourceTree = "<group>"; };
		ECD356411CB6ACDD00E53A52 /* AFHTTPRequestOperation.h */ = {isa = PBXFileReference; fileEncoding = 4; lastKnownFileType = sourcecode.c.h; path = AFHTTPRequestOperation.h; sourceTree = "<group>"; };
		ECD356421CB6ACDD00E53A52 /* AFHTTPRequestOperation.m */ = {isa = PBXFileReference; fileEncoding = 4; lastKnownFileType = sourcecode.c.objc; path = AFHTTPRequestOperation.m; sourceTree = "<group>"; };
		ECD356431CB6ACDD00E53A52 /* AFHTTPRequestOperationManager.h */ = {isa = PBXFileReference; fileEncoding = 4; lastKnownFileType = sourcecode.c.h; path = AFHTTPRequestOperationManager.h; sourceTree = "<group>"; };
		ECD356441CB6ACDD00E53A52 /* AFHTTPRequestOperationManager.m */ = {isa = PBXFileReference; fileEncoding = 4; lastKnownFileType = sourcecode.c.objc; path = AFHTTPRequestOperationManager.m; sourceTree = "<group>"; };
		ECD356451CB6ACDD00E53A52 /* AFHTTPSessionManager.h */ = {isa = PBXFileReference; fileEncoding = 4; lastKnownFileType = sourcecode.c.h; path = AFHTTPSessionManager.h; sourceTree = "<group>"; };
		ECD356461CB6ACDD00E53A52 /* AFHTTPSessionManager.m */ = {isa = PBXFileReference; fileEncoding = 4; lastKnownFileType = sourcecode.c.objc; path = AFHTTPSessionManager.m; sourceTree = "<group>"; };
		ECD356471CB6ACDD00E53A52 /* AFNetworking.h */ = {isa = PBXFileReference; fileEncoding = 4; lastKnownFileType = sourcecode.c.h; path = AFNetworking.h; sourceTree = "<group>"; };
		ECD356481CB6ACDD00E53A52 /* AFNetworkReachabilityManager.h */ = {isa = PBXFileReference; fileEncoding = 4; lastKnownFileType = sourcecode.c.h; path = AFNetworkReachabilityManager.h; sourceTree = "<group>"; };
		ECD356491CB6ACDD00E53A52 /* AFNetworkReachabilityManager.m */ = {isa = PBXFileReference; fileEncoding = 4; lastKnownFileType = sourcecode.c.objc; path = AFNetworkReachabilityManager.m; sourceTree = "<group>"; };
		ECD3564A1CB6ACDD00E53A52 /* AFSecurityPolicy.h */ = {isa = PBXFileReference; fileEncoding = 4; lastKnownFileType = sourcecode.c.h; path = AFSecurityPolicy.h; sourceTree = "<group>"; };
		ECD3564B1CB6ACDD00E53A52 /* AFSecurityPolicy.m */ = {isa = PBXFileReference; fileEncoding = 4; lastKnownFileType = sourcecode.c.objc; path = AFSecurityPolicy.m; sourceTree = "<group>"; };
		ECD3564C1CB6ACDD00E53A52 /* AFURLConnectionOperation.h */ = {isa = PBXFileReference; fileEncoding = 4; lastKnownFileType = sourcecode.c.h; path = AFURLConnectionOperation.h; sourceTree = "<group>"; };
		ECD3564D1CB6ACDD00E53A52 /* AFURLConnectionOperation.m */ = {isa = PBXFileReference; fileEncoding = 4; lastKnownFileType = sourcecode.c.objc; path = AFURLConnectionOperation.m; sourceTree = "<group>"; };
		ECD3564E1CB6ACDD00E53A52 /* AFURLRequestSerialization.h */ = {isa = PBXFileReference; fileEncoding = 4; lastKnownFileType = sourcecode.c.h; path = AFURLRequestSerialization.h; sourceTree = "<group>"; };
		ECD3564F1CB6ACDD00E53A52 /* AFURLRequestSerialization.m */ = {isa = PBXFileReference; fileEncoding = 4; lastKnownFileType = sourcecode.c.objc; path = AFURLRequestSerialization.m; sourceTree = "<group>"; };
		ECD356501CB6ACDD00E53A52 /* AFURLResponseSerialization.h */ = {isa = PBXFileReference; fileEncoding = 4; lastKnownFileType = sourcecode.c.h; path = AFURLResponseSerialization.h; sourceTree = "<group>"; };
		ECD356511CB6ACDD00E53A52 /* AFURLResponseSerialization.m */ = {isa = PBXFileReference; fileEncoding = 4; lastKnownFileType = sourcecode.c.objc; path = AFURLResponseSerialization.m; sourceTree = "<group>"; };
		ECD356521CB6ACDD00E53A52 /* AFURLSessionManager.h */ = {isa = PBXFileReference; fileEncoding = 4; lastKnownFileType = sourcecode.c.h; path = AFURLSessionManager.h; sourceTree = "<group>"; };
		ECD356531CB6ACDD00E53A52 /* AFURLSessionManager.m */ = {isa = PBXFileReference; fileEncoding = 4; lastKnownFileType = sourcecode.c.objc; path = AFURLSessionManager.m; sourceTree = "<group>"; };
		ECD356671CB6B51E00E53A52 /* MainViewController.h */ = {isa = PBXFileReference; fileEncoding = 4; lastKnownFileType = sourcecode.c.h; path = MainViewController.h; sourceTree = "<group>"; };
		ECD356681CB6B51E00E53A52 /* MainViewController.m */ = {isa = PBXFileReference; fileEncoding = 4; lastKnownFileType = sourcecode.c.objc; path = MainViewController.m; sourceTree = "<group>"; };
		ECD3566A1CB6B54600E53A52 /* Constant.h */ = {isa = PBXFileReference; fileEncoding = 4; lastKnownFileType = sourcecode.c.h; name = Constant.h; path = "工具/Constant.h"; sourceTree = "<group>"; };
		ECFF2E271CB7E42100A45DA5 /* CompaniesListViewController.h */ = {isa = PBXFileReference; fileEncoding = 4; lastKnownFileType = sourcecode.c.h; path = CompaniesListViewController.h; sourceTree = "<group>"; };
		ECFF2E281CB7E42100A45DA5 /* CompaniesListViewController.m */ = {isa = PBXFileReference; fileEncoding = 4; lastKnownFileType = sourcecode.c.objc; path = CompaniesListViewController.m; sourceTree = "<group>"; };
/* End PBXFileReference section */

/* Begin PBXFrameworksBuildPhase section */
		ECD3560B1CB69B9600E53A52 /* Frameworks */ = {
			isa = PBXFrameworksBuildPhase;
			buildActionMask = 2147483647;
			files = (
			);
			runOnlyForDeploymentPostprocessing = 0;
		};
/* End PBXFrameworksBuildPhase section */

/* Begin PBXGroup section */
		0E6716E41CBE1D030053FBF4 /* CoreData相关类 */ = {
			isa = PBXGroup;
			children = (
				0E6717151CBE27DE0053FBF4 /* CheckExpressRecords+CoreDataProperties.h */,
				0E6717161CBE27DE0053FBF4 /* CheckExpressRecords+CoreDataProperties.m */,
				0E6717171CBE27DE0053FBF4 /* CheckExpressRecords.h */,
				0E6717181CBE27DE0053FBF4 /* CheckExpressRecords.m */,
				0E67171B1CBE32B80053FBF4 /* CheckExpressRecodsModel.h */,
				0E67171C1CBE32B80053FBF4 /* CheckExpressRecodsModel.m */,
			);
			path = "CoreData相关类";
			sourceTree = "<group>";
		};
		0E67171E1CBE3B8E0053FBF4 /* 查询记录 */ = {
			isa = PBXGroup;
			children = (
				0E67171F1CBE3BF60053FBF4 /* CheckRecordsTableViewController.h */,
				0E6717201CBE3BF60053FBF4 /* CheckRecordsTableViewController.m */,
				0E6717221CBE404F0053FBF4 /* CheckRecordsTableViewCell.h */,
				0E6717231CBE404F0053FBF4 /* CheckRecordsTableViewCell.m */,
			);
			path = "查询记录";
			sourceTree = "<group>";
		};
		0E7CB6801CBB6084006BA469 /* Model */ = {
			isa = PBXGroup;
			children = (
				0E7CB6871CBB7F43006BA469 /* Response.h */,
				0E7CB6881CBB7F43006BA469 /* Response.m */,
				0E7CB6941CBBA455006BA469 /* ExpressStatusModel.h */,
				0E7CB6951CBBA455006BA469 /* ExpressStatusModel.m */,
			);
			path = Model;
			sourceTree = "<group>";
		};
		0E7CB68A1CBB84F7006BA469 /* 快递信息详情 */ = {
			isa = PBXGroup;
			children = (
				0E7CB68B1CBB857F006BA469 /* ExpressMsgDetailsViewController.h */,
				0E7CB68C1CBB857F006BA469 /* ExpressMsgDetailsViewController.m */,
				0E7CB68E1CBB9D71006BA469 /* ExpressMsgDetailsTableViewCell.h */,
				0E7CB68F1CBB9D71006BA469 /* ExpressMsgDetailsTableViewCell.m */,
			);
			path = "快递信息详情";
			sourceTree = "<group>";
		};
		ECD356051CB69B9600E53A52 = {
			isa = PBXGroup;
			children = (
				ECD356101CB69B9600E53A52 /* CheckExpress */,
				ECD3560F1CB69B9600E53A52 /* Products */,
			);
			sourceTree = "<group>";
		};
		ECD3560F1CB69B9600E53A52 /* Products */ = {
			isa = PBXGroup;
			children = (
				ECD3560E1CB69B9600E53A52 /* CheckExpress.app */,
			);
			name = Products;
			sourceTree = "<group>";
		};
		ECD356101CB69B9600E53A52 /* CheckExpress */ = {
			isa = PBXGroup;
			children = (
				ECD356621CB6AD7C00E53A52 /* 工具 */,
				ECD356321CB6ACDD00E53A52 /* 第三方 */,
				0E6716E41CBE1D030053FBF4 /* CoreData相关类 */,
				ECD356661CB6B51E00E53A52 /* 主页 */,
				0E7CB68A1CBB84F7006BA469 /* 快递信息详情 */,
				ECFF2E261CB7E3ED00A45DA5 /* 快递公司列表 */,
				0E67171E1CBE3B8E0053FBF4 /* 查询记录 */,
				0E7CB6801CBB6084006BA469 /* Model */,
				ECD356141CB69B9600E53A52 /* AppDelegate.h */,
				ECD356151CB69B9600E53A52 /* AppDelegate.m */,
				ECD3561A1CB69B9600E53A52 /* Main.storyboard */,
				ECD356201CB69B9600E53A52 /* Assets.xcassets */,
				ECD356221CB69B9600E53A52 /* LaunchScreen.storyboard */,
				ECD356251CB69B9600E53A52 /* Info.plist */,
				ECD3561D1CB69B9600E53A52 /* CheckExpress.xcdatamodeld */,
				ECD356111CB69B9600E53A52 /* Supporting Files */,
			);
			path = CheckExpress;
			sourceTree = "<group>";
		};
		ECD356111CB69B9600E53A52 /* Supporting Files */ = {
			isa = PBXGroup;
			children = (
				ECD356121CB69B9600E53A52 /* main.m */,
				0E9949901CB79AD3006A2C0B /* CompaniesList.plist */,
			);
			name = "Supporting Files";
			sourceTree = "<group>";
		};
		ECD356321CB6ACDD00E53A52 /* 第三方 */ = {
			isa = PBXGroup;
			children = (
				ECD356331CB6ACDD00E53A52 /* 加载动画 */,
				ECD356381CB6ACDD00E53A52 /* 短提示 */,
				ECD3563B1CB6ACDD00E53A52 /* 联网 */,
				ECD356401CB6ACDD00E53A52 /* 联网框架 */,
			);
			path = "第三方";
			sourceTree = "<group>";
		};
		ECD356331CB6ACDD00E53A52 /* 加载动画 */ = {
			isa = PBXGroup;
			children = (
				ECD356341CB6ACDD00E53A52 /* LoadingView.h */,
				ECD356351CB6ACDD00E53A52 /* LoadingView.m */,
				ECD356361CB6ACDD00E53A52 /* MBProgressHUD.h */,
				ECD356371CB6ACDD00E53A52 /* MBProgressHUD.m */,
			);
			path = "加载动画";
			sourceTree = "<group>";
		};
		ECD356381CB6ACDD00E53A52 /* 短提示 */ = {
			isa = PBXGroup;
			children = (
				ECD356391CB6ACDD00E53A52 /* PopupView.h */,
				ECD3563A1CB6ACDD00E53A52 /* PopupView.m */,
			);
			path = "短提示";
			sourceTree = "<group>";
		};
		ECD3563B1CB6ACDD00E53A52 /* 联网 */ = {
			isa = PBXGroup;
			children = (
				ECD3563C1CB6ACDD00E53A52 /* APIClient.h */,
				ECD3563D1CB6ACDD00E53A52 /* APIClient.m */,
				ECD3563E1CB6ACDD00E53A52 /* DataModel.h */,
				ECD3563F1CB6ACDD00E53A52 /* DataModel.m */,
			);
			path = "联网";
			sourceTree = "<group>";
		};
		ECD356401CB6ACDD00E53A52 /* 联网框架 */ = {
			isa = PBXGroup;
			children = (
				ECD356411CB6ACDD00E53A52 /* AFHTTPRequestOperation.h */,
				ECD356421CB6ACDD00E53A52 /* AFHTTPRequestOperation.m */,
				ECD356431CB6ACDD00E53A52 /* AFHTTPRequestOperationManager.h */,
				ECD356441CB6ACDD00E53A52 /* AFHTTPRequestOperationManager.m */,
				ECD356451CB6ACDD00E53A52 /* AFHTTPSessionManager.h */,
				ECD356461CB6ACDD00E53A52 /* AFHTTPSessionManager.m */,
				ECD356471CB6ACDD00E53A52 /* AFNetworking.h */,
				ECD356481CB6ACDD00E53A52 /* AFNetworkReachabilityManager.h */,
				ECD356491CB6ACDD00E53A52 /* AFNetworkReachabilityManager.m */,
				ECD3564A1CB6ACDD00E53A52 /* AFSecurityPolicy.h */,
				ECD3564B1CB6ACDD00E53A52 /* AFSecurityPolicy.m */,
				ECD3564C1CB6ACDD00E53A52 /* AFURLConnectionOperation.h */,
				ECD3564D1CB6ACDD00E53A52 /* AFURLConnectionOperation.m */,
				ECD3564E1CB6ACDD00E53A52 /* AFURLRequestSerialization.h */,
				ECD3564F1CB6ACDD00E53A52 /* AFURLRequestSerialization.m */,
				ECD356501CB6ACDD00E53A52 /* AFURLResponseSerialization.h */,
				ECD356511CB6ACDD00E53A52 /* AFURLResponseSerialization.m */,
				ECD356521CB6ACDD00E53A52 /* AFURLSessionManager.h */,
				ECD356531CB6ACDD00E53A52 /* AFURLSessionManager.m */,
			);
			path = "联网框架";
			sourceTree = "<group>";
		};
		ECD356621CB6AD7C00E53A52 /* 工具 */ = {
			isa = PBXGroup;
			children = (
				ECD3566A1CB6B54600E53A52 /* Constant.h */,
				EC96E5851CBCA3560021A614 /* ToolFunction.h */,
				EC96E5861CBCA3560021A614 /* ToolFunction.m */,
			);
			name = "工具";
			sourceTree = "<group>";
		};
		ECD356661CB6B51E00E53A52 /* 主页 */ = {
			isa = PBXGroup;
			children = (
				ECD356671CB6B51E00E53A52 /* MainViewController.h */,
				ECD356681CB6B51E00E53A52 /* MainViewController.m */,
			);
			path = "主页";
			sourceTree = "<group>";
		};
		ECFF2E261CB7E3ED00A45DA5 /* 快递公司列表 */ = {
			isa = PBXGroup;
			children = (
				ECFF2E271CB7E42100A45DA5 /* CompaniesListViewController.h */,
				ECFF2E281CB7E42100A45DA5 /* CompaniesListViewController.m */,
			);
			path = "快递公司列表";
			sourceTree = "<group>";
		};
/* End PBXGroup section */

/* Begin PBXNativeTarget section */
		ECD3560D1CB69B9600E53A52 /* CheckExpress */ = {
			isa = PBXNativeTarget;
			buildConfigurationList = ECD356281CB69B9600E53A52 /* Build configuration list for PBXNativeTarget "CheckExpress" */;
			buildPhases = (
				ECD3560A1CB69B9600E53A52 /* Sources */,
				ECD3560B1CB69B9600E53A52 /* Frameworks */,
				ECD3560C1CB69B9600E53A52 /* Resources */,
			);
			buildRules = (
			);
			dependencies = (
			);
			name = CheckExpress;
			productName = CheckExpress;
			productReference = ECD3560E1CB69B9600E53A52 /* CheckExpress.app */;
			productType = "com.apple.product-type.application";
		};
/* End PBXNativeTarget section */

/* Begin PBXProject section */
		ECD356061CB69B9600E53A52 /* Project object */ = {
			isa = PBXProject;
			attributes = {
				LastUpgradeCheck = 0720;
				ORGANIZATIONNAME = guanxu;
				TargetAttributes = {
					ECD3560D1CB69B9600E53A52 = {
						CreatedOnToolsVersion = 7.2.1;
					};
				};
			};
			buildConfigurationList = ECD356091CB69B9600E53A52 /* Build configuration list for PBXProject "CheckExpress" */;
			compatibilityVersion = "Xcode 3.2";
			developmentRegion = English;
			hasScannedForEncodings = 0;
			knownRegions = (
				en,
				Base,
			);
			mainGroup = ECD356051CB69B9600E53A52;
			productRefGroup = ECD3560F1CB69B9600E53A52 /* Products */;
			projectDirPath = "";
			projectRoot = "";
			targets = (
				ECD3560D1CB69B9600E53A52 /* CheckExpress */,
			);
		};
/* End PBXProject section */

/* Begin PBXResourcesBuildPhase section */
		ECD3560C1CB69B9600E53A52 /* Resources */ = {
			isa = PBXResourcesBuildPhase;
			buildActionMask = 2147483647;
			files = (
				ECD356241CB69B9600E53A52 /* LaunchScreen.storyboard in Resources */,
				ECD356211CB69B9600E53A52 /* Assets.xcassets in Resources */,
				ECD3561C1CB69B9600E53A52 /* Main.storyboard in Resources */,
				0E9949911CB79AD3006A2C0B /* CompaniesList.plist in Resources */,
			);
			runOnlyForDeploymentPostprocessing = 0;
		};
/* End PBXResourcesBuildPhase section */

/* Begin PBXSourcesBuildPhase section */
		ECD3560A1CB69B9600E53A52 /* Sources */ = {
			isa = PBXSourcesBuildPhase;
			buildActionMask = 2147483647;
			files = (
				ECD3565E1CB6ACDD00E53A52 /* AFURLConnectionOperation.m in Sources */,
				ECD3561F1CB69B9600E53A52 /* CheckExpress.xcdatamodeld in Sources */,
				0E67171A1CBE27DE0053FBF4 /* CheckExpressRecords.m in Sources */,
				0E7CB6901CBB9D71006BA469 /* ExpressMsgDetailsTableViewCell.m in Sources */,
				ECFF2E291CB7E42100A45DA5 /* CompaniesListViewController.m in Sources */,
				ECD3565D1CB6ACDD00E53A52 /* AFSecurityPolicy.m in Sources */,
				ECD356581CB6ACDD00E53A52 /* DataModel.m in Sources */,
				ECD3565A1CB6ACDD00E53A52 /* AFHTTPRequestOperationManager.m in Sources */,
				0E6717191CBE27DE0053FBF4 /* CheckExpressRecords+CoreDataProperties.m in Sources */,
				ECD356541CB6ACDD00E53A52 /* LoadingView.m in Sources */,
				ECD356161CB69B9600E53A52 /* AppDelegate.m in Sources */,
				0E67171D1CBE32B80053FBF4 /* CheckExpressRecodsModel.m in Sources */,
				0E7CB6961CBBA455006BA469 /* ExpressStatusModel.m in Sources */,
				0E6717211CBE3BF60053FBF4 /* CheckRecordsTableViewController.m in Sources */,
				0E7CB6891CBB7F43006BA469 /* Response.m in Sources */,
				ECD356571CB6ACDD00E53A52 /* APIClient.m in Sources */,
				ECD356611CB6ACDD00E53A52 /* AFURLSessionManager.m in Sources */,
				EC96E5871CBCA3560021A614 /* ToolFunction.m in Sources */,
				0E7CB68D1CBB857F006BA469 /* ExpressMsgDetailsViewController.m in Sources */,
				ECD356601CB6ACDD00E53A52 /* AFURLResponseSerialization.m in Sources */,
				ECD356561CB6ACDD00E53A52 /* PopupView.m in Sources */,
				ECD356131CB69B9600E53A52 /* main.m in Sources */,
				ECD3565F1CB6ACDD00E53A52 /* AFURLRequestSerialization.m in Sources */,
				ECD356691CB6B51E00E53A52 /* MainViewController.m in Sources */,
				ECD3565C1CB6ACDD00E53A52 /* AFNetworkReachabilityManager.m in Sources */,
				ECD356551CB6ACDD00E53A52 /* MBProgressHUD.m in Sources */,
				ECD356591CB6ACDD00E53A52 /* AFHTTPRequestOperation.m in Sources */,
				ECD3565B1CB6ACDD00E53A52 /* AFHTTPSessionManager.m in Sources */,
				0E6717241CBE404F0053FBF4 /* CheckRecordsTableViewCell.m in Sources */,
			);
			runOnlyForDeploymentPostprocessing = 0;
		};
/* End PBXSourcesBuildPhase section */

/* Begin PBXVariantGroup section */
		ECD3561A1CB69B9600E53A52 /* Main.storyboard */ = {
			isa = PBXVariantGroup;
			children = (
				ECD3561B1CB69B9600E53A52 /* Base */,
			);
			name = Main.storyboard;
			sourceTree = "<group>";
		};
		ECD356221CB69B9600E53A52 /* LaunchScreen.storyboard */ = {
			isa = PBXVariantGroup;
			children = (
				ECD356231CB69B9600E53A52 /* Base */,
			);
			name = LaunchScreen.storyboard;
			sourceTree = "<group>";
		};
/* End PBXVariantGroup section */

/* Begin XCBuildConfiguration section */
		ECD356261CB69B9600E53A52 /* Debug */ = {
			isa = XCBuildConfiguration;
			buildSettings = {
				ALWAYS_SEARCH_USER_PATHS = NO;
				CLANG_CXX_LANGUAGE_STANDARD = "gnu++0x";
				CLANG_CXX_LIBRARY = "libc++";
				CLANG_ENABLE_MODULES = YES;
				CLANG_ENABLE_OBJC_ARC = YES;
				CLANG_WARN_BOOL_CONVERSION = YES;
				CLANG_WARN_CONSTANT_CONVERSION = YES;
				CLANG_WARN_DIRECT_OBJC_ISA_USAGE = YES_ERROR;
				CLANG_WARN_EMPTY_BODY = YES;
				CLANG_WARN_ENUM_CONVERSION = YES;
				CLANG_WARN_INT_CONVERSION = YES;
				CLANG_WARN_OBJC_ROOT_CLASS = YES_ERROR;
				CLANG_WARN_UNREACHABLE_CODE = YES;
				CLANG_WARN__DUPLICATE_METHOD_MATCH = YES;
				"CODE_SIGN_IDENTITY[sdk=iphoneos*]" = "iPhone Developer";
				COPY_PHASE_STRIP = NO;
				DEBUG_INFORMATION_FORMAT = dwarf;
				ENABLE_STRICT_OBJC_MSGSEND = YES;
				ENABLE_TESTABILITY = YES;
				GCC_C_LANGUAGE_STANDARD = gnu99;
				GCC_DYNAMIC_NO_PIC = NO;
				GCC_NO_COMMON_BLOCKS = YES;
				GCC_OPTIMIZATION_LEVEL = 0;
				GCC_PREPROCESSOR_DEFINITIONS = (
					"DEBUG=1",
					"$(inherited)",
				);
				GCC_WARN_64_TO_32_BIT_CONVERSION = YES;
				GCC_WARN_ABOUT_RETURN_TYPE = YES_ERROR;
				GCC_WARN_UNDECLARED_SELECTOR = YES;
				GCC_WARN_UNINITIALIZED_AUTOS = YES_AGGRESSIVE;
				GCC_WARN_UNUSED_FUNCTION = YES;
				GCC_WARN_UNUSED_VARIABLE = YES;
				IPHONEOS_DEPLOYMENT_TARGET = 7.0;
				MTL_ENABLE_DEBUG_INFO = YES;
				ONLY_ACTIVE_ARCH = YES;
				SDKROOT = iphoneos;
			};
			name = Debug;
		};
		ECD356271CB69B9600E53A52 /* Release */ = {
			isa = XCBuildConfiguration;
			buildSettings = {
				ALWAYS_SEARCH_USER_PATHS = NO;
				CLANG_CXX_LANGUAGE_STANDARD = "gnu++0x";
				CLANG_CXX_LIBRARY = "libc++";
				CLANG_ENABLE_MODULES = YES;
				CLANG_ENABLE_OBJC_ARC = YES;
				CLANG_WARN_BOOL_CONVERSION = YES;
				CLANG_WARN_CONSTANT_CONVERSION = YES;
				CLANG_WARN_DIRECT_OBJC_ISA_USAGE = YES_ERROR;
				CLANG_WARN_EMPTY_BODY = YES;
				CLANG_WARN_ENUM_CONVERSION = YES;
				CLANG_WARN_INT_CONVERSION = YES;
				CLANG_WARN_OBJC_ROOT_CLASS = YES_ERROR;
				CLANG_WARN_UNREACHABLE_CODE = YES;
				CLANG_WARN__DUPLICATE_METHOD_MATCH = YES;
				"CODE_SIGN_IDENTITY[sdk=iphoneos*]" = "iPhone Developer";
				COPY_PHASE_STRIP = NO;
				DEBUG_INFORMATION_FORMAT = "dwarf-with-dsym";
				ENABLE_NS_ASSERTIONS = NO;
				ENABLE_STRICT_OBJC_MSGSEND = YES;
				GCC_C_LANGUAGE_STANDARD = gnu99;
				GCC_NO_COMMON_BLOCKS = YES;
				GCC_WARN_64_TO_32_BIT_CONVERSION = YES;
				GCC_WARN_ABOUT_RETURN_TYPE = YES_ERROR;
				GCC_WARN_UNDECLARED_SELECTOR = YES;
				GCC_WARN_UNINITIALIZED_AUTOS = YES_AGGRESSIVE;
				GCC_WARN_UNUSED_FUNCTION = YES;
				GCC_WARN_UNUSED_VARIABLE = YES;
				IPHONEOS_DEPLOYMENT_TARGET = 7.0;
				MTL_ENABLE_DEBUG_INFO = NO;
				SDKROOT = iphoneos;
				VALIDATE_PRODUCT = YES;
			};
			name = Release;
		};
		ECD356291CB69B9600E53A52 /* Debug */ = {
			isa = XCBuildConfiguration;
			buildSettings = {
				ASSETCATALOG_COMPILER_APPICON_NAME = AppIcon;
				INFOPLIST_FILE = CheckExpress/Info.plist;
				IPHONEOS_DEPLOYMENT_TARGET = 8.0;
				LD_RUNPATH_SEARCH_PATHS = "$(inherited) @executable_path/Frameworks";
				PRODUCT_BUNDLE_IDENTIFIER = com.guanxu.CheckExpress;
				PRODUCT_NAME = "$(TARGET_NAME)";
			};
			name = Debug;
		};
		ECD3562A1CB69B9600E53A52 /* Release */ = {
			isa = XCBuildConfiguration;
			buildSettings = {
				ASSETCATALOG_COMPILER_APPICON_NAME = AppIcon;
				INFOPLIST_FILE = CheckExpress/Info.plist;
				IPHONEOS_DEPLOYMENT_TARGET = 8.0;
				LD_RUNPATH_SEARCH_PATHS = "$(inherited) @executable_path/Frameworks";
				PRODUCT_BUNDLE_IDENTIFIER = com.guanxu.CheckExpress;
				PRODUCT_NAME = "$(TARGET_NAME)";
			};
			name = Release;
		};
/* End XCBuildConfiguration section */

/* Begin XCConfigurationList section */
		ECD356091CB69B9600E53A52 /* Build configuration list for PBXProject "CheckExpress" */ = {
			isa = XCConfigurationList;
			buildConfigurations = (
				ECD356261CB69B9600E53A52 /* Debug */,
				ECD356271CB69B9600E53A52 /* Release */,
			);
			defaultConfigurationIsVisible = 0;
			defaultConfigurationName = Release;
		};
		ECD356281CB69B9600E53A52 /* Build configuration list for PBXNativeTarget "CheckExpress" */ = {
			isa = XCConfigurationList;
			buildConfigurations = (
				ECD356291CB69B9600E53A52 /* Debug */,
				ECD3562A1CB69B9600E53A52 /* Release */,
			);
			defaultConfigurationIsVisible = 0;
			defaultConfigurationName = Release;
		};
/* End XCConfigurationList section */

/* Begin XCVersionGroup section */
		ECD3561D1CB69B9600E53A52 /* CheckExpress.xcdatamodeld */ = {
			isa = XCVersionGroup;
			children = (
				ECD3561E1CB69B9600E53A52 /* CheckExpress.xcdatamodel */,
			);
			currentVersion = ECD3561E1CB69B9600E53A52 /* CheckExpress.xcdatamodel */;
			path = CheckExpress.xcdatamodeld;
			sourceTree = "<group>";
			versionGroupType = wrapper.xcdatamodel;
		};
/* End XCVersionGroup section */
	};
	rootObject = ECD356061CB69B9600E53A52 /* Project object */;
}
